
Microsoft Visual Studio Solution File, Format Version 12.00
# Visual Studio Version 17
VisualStudioVersion = 17.13.35825.156 d17.13
MinimumVisualStudioVersion = 10.0.40219.1
Project("{FAE04EC0-301F-11D3-BF4B-00C04F79EFBC}") = "Api", "Api\Api.csproj", "{3AB22D61-8402-49F4-9459-F223CBA2D2E7}"
EndProject
Project("{FAE04EC0-301F-11D3-BF4B-00C04F79EFBC}") = "Application", "Architecture\Application.csproj", "{BA44CDFE-0BB3-46F0-9B13-2D356F68744A}"
EndProject
Project("{FAE04EC0-301F-11D3-BF4B-00C04F79EFBC}") = "Infrastructure", "Infrastructure\Infrastructure.csproj", "{3A07A149-888C-4218-9F72-B41BDE4FC4C4}"
EndProject
Project("{FAE04EC0-301F-11D3-BF4B-00C04F79EFBC}") = "Domain", "Application\Domain.csproj", "{485CF323-9A61-4F88-878D-C51748B3CD25}"
EndProject
Global
	GlobalSection(SolutionConfigurationPlatforms) = preSolution
		Debug|Any CPU = Debug|Any CPU
		Release|Any CPU = Release|Any CPU
	EndGlobalSection
	GlobalSection(ProjectConfigurationPlatforms) = postSolution
		{3AB22D61-8402-49F4-9459-F223CBA2D2E7}.Debug|Any CPU.ActiveCfg = Debug|Any CPU
		{3AB22D61-8402-49F4-9459-F223CBA2D2E7}.Debug|Any CPU.Build.0 = Debug|Any CPU
		{3AB22D61-8402-49F4-9459-F223CBA2D2E7}.Release|Any CPU.ActiveCfg = Release|Any CPU
		{3AB22D61-8402-49F4-9459-F223CBA2D2E7}.Release|Any CPU.Build.0 = Release|Any CPU
		{BA44CDFE-0BB3-46F0-9B13-2D356F68744A}.Debug|Any CPU.ActiveCfg = Debug|Any CPU
		{BA44CDFE-0BB3-46F0-9B13-2D356F68744A}.Debug|Any CPU.Build.0 = Debug|Any CPU
		{BA44CDFE-0BB3-46F0-9B13-2D356F68744A}.Release|Any CPU.ActiveCfg = Release|Any CPU
		{BA44CDFE-0BB3-46F0-9B13-2D356F68744A}.Release|Any CPU.Build.0 = Release|Any CPU
		{3A07A149-888C-4218-9F72-B41BDE4FC4C4}.Debug|Any CPU.ActiveCfg = Debug|Any CPU
		{3A07A149-888C-4218-9F72-B41BDE4FC4C4}.Debug|Any CPU.Build.0 = Debug|Any CPU
		{3A07A149-888C-4218-9F72-B41BDE4FC4C4}.Release|Any CPU.ActiveCfg = Release|Any CPU
		{3A07A149-888C-4218-9F72-B41BDE4FC4C4}.Release|Any CPU.Build.0 = Release|Any CPU
		{485CF323-9A61-4F88-878D-C51748B3CD25}.Debug|Any CPU.ActiveCfg = Debug|Any CPU
		{485CF323-9A61-4F88-878D-C51748B3CD25}.Debug|Any CPU.Build.0 = Debug|Any CPU
		{485CF323-9A61-4F88-878D-C51748B3CD25}.Release|Any CPU.ActiveCfg = Release|Any CPU
		{485CF323-9A61-4F88-878D-C51748B3CD25}.Release|Any CPU.Build.0 = Release|Any CPU
	EndGlobalSection
	GlobalSection(SolutionProperties) = preSolution
		HideSolutionNode = FALSE
	EndGlobalSection
	GlobalSection(ExtensibilityGlobals) = postSolution
		SolutionGuid = {73292554-EB55-48A1-9F7C-88CAFD86E039}
	EndGlobalSection
EndGlobal
